
Microsoft Visual Studio Solution File, Format Version 12.00
# Visual Studio Version 17
VisualStudioVersion = 17.3.32929.385
MinimumVisualStudioVersion = 10.0.40219.1
Project("{FAE04EC0-301F-11D3-BF4B-00C04F79EFBC}") = "HomeworkFourteen", "HomeworkFourteen\HomeworkFourteen.csproj", "{9CB5FBFB-14E6-4820-8CFD-5268BE0A05E6}"
EndProject
Project("{FAE04EC0-301F-11D3-BF4B-00C04F79EFBC}") = "FirstTry", "FirstTry\FirstTry.csproj", "{95B0AAC0-FDA7-4FDE-BEA1-ABEB4C972C3C}"
EndProject
Project("{FAE04EC0-301F-11D3-BF4B-00C04F79EFBC}") = "SecondTry", "SecondTry\SecondTry.csproj", "{412F3344-6AEA-41A4-95E6-797B546FADC2}"
EndProject
Global
	GlobalSection(SolutionConfigurationPlatforms) = preSolution
		Debug|Any CPU = Debug|Any CPU
		Release|Any CPU = Release|Any CPU
	EndGlobalSection
	GlobalSection(ProjectConfigurationPlatforms) = postSolution
		{9CB5FBFB-14E6-4820-8CFD-5268BE0A05E6}.Debug|Any CPU.ActiveCfg = Debug|Any CPU
		{9CB5FBFB-14E6-4820-8CFD-5268BE0A05E6}.Debug|Any CPU.Build.0 = Debug|Any CPU
		{9CB5FBFB-14E6-4820-8CFD-5268BE0A05E6}.Release|Any CPU.ActiveCfg = Release|Any CPU
		{9CB5FBFB-14E6-4820-8CFD-5268BE0A05E6}.Release|Any CPU.Build.0 = Release|Any CPU
		{95B0AAC0-FDA7-4FDE-BEA1-ABEB4C972C3C}.Debug|Any CPU.ActiveCfg = Debug|Any CPU
		{95B0AAC0-FDA7-4FDE-BEA1-ABEB4C972C3C}.Debug|Any CPU.Build.0 = Debug|Any CPU
		{95B0AAC0-FDA7-4FDE-BEA1-ABEB4C972C3C}.Release|Any CPU.ActiveCfg = Release|Any CPU
		{95B0AAC0-FDA7-4FDE-BEA1-ABEB4C972C3C}.Release|Any CPU.Build.0 = Release|Any CPU
		{412F3344-6AEA-41A4-95E6-797B546FADC2}.Debug|Any CPU.ActiveCfg = Debug|Any CPU
		{412F3344-6AEA-41A4-95E6-797B546FADC2}.Debug|Any CPU.Build.0 = Debug|Any CPU
		{412F3344-6AEA-41A4-95E6-797B546FADC2}.Release|Any CPU.ActiveCfg = Release|Any CPU
		{412F3344-6AEA-41A4-95E6-797B546FADC2}.Release|Any CPU.Build.0 = Release|Any CPU
	EndGlobalSection
	GlobalSection(SolutionProperties) = preSolution
		HideSolutionNode = FALSE
	EndGlobalSection
	GlobalSection(ExtensibilityGlobals) = postSolution
		SolutionGuid = {46C30E97-F7C6-4D2A-89F0-7F09096ABBD6}
	EndGlobalSection
EndGlobal
